
Microsoft Visual Studio Solution File, Format Version 12.00
# Visual Studio Version 16
VisualStudioVersion = 16.0.30907.101
MinimumVisualStudioVersion = 10.0.40219.1
Project("{FAE04EC0-301F-11D3-BF4B-00C04F79EFBC}") = "FoodOrder.Core", "FoodOrder.Core\FoodOrder.Core.csproj", "{DF8064F4-6174-4055-A0AA-9A94FD2B35D3}"
EndProject
Project("{FAE04EC0-301F-11D3-BF4B-00C04F79EFBC}") = "FoodOrder.Data", "FoodOrder.Data\FoodOrder.Data.csproj", "{2C144F61-19DF-404F-9A38-3C944AD332C5}"
EndProject
Project("{9A19103F-16F7-4668-BE54-9A1E7A4F7556}") = "FoodOrder.Admin", "FoodOrder.Admin\FoodOrder.Admin.csproj", "{685D9423-BDB2-4EA2-AF58-D8DF5738673C}"
EndProject
Project("{9A19103F-16F7-4668-BE54-9A1E7A4F7556}") = "FoodOrder.API", "FoodOrder.API\FoodOrder.API.csproj", "{7B70C2FE-368E-41E4-A0C7-27E339CE1D21}"
EndProject
Project("{9A19103F-16F7-4668-BE54-9A1E7A4F7556}") = "FoodOrder.IdentityServer", "FoodOrder.IdentityServer\FoodOrder.IdentityServer.csproj", "{30F25DBE-89D5-48BA-950C-920A69FBAF74}"
EndProject
Project("{FAE04EC0-301F-11D3-BF4B-00C04F79EFBC}") = "WebApplicationExample", "WebApplication2\WebApplicationExample.csproj", "{1F9387AD-B62B-48A9-B9D1-C28980994D3A}"
EndProject
Global
	GlobalSection(SolutionConfigurationPlatforms) = preSolution
		Debug|Any CPU = Debug|Any CPU
		Release|Any CPU = Release|Any CPU
	EndGlobalSection
	GlobalSection(ProjectConfigurationPlatforms) = postSolution
		{DF8064F4-6174-4055-A0AA-9A94FD2B35D3}.Debug|Any CPU.ActiveCfg = Debug|Any CPU
		{DF8064F4-6174-4055-A0AA-9A94FD2B35D3}.Debug|Any CPU.Build.0 = Debug|Any CPU
		{DF8064F4-6174-4055-A0AA-9A94FD2B35D3}.Release|Any CPU.ActiveCfg = Release|Any CPU
		{DF8064F4-6174-4055-A0AA-9A94FD2B35D3}.Release|Any CPU.Build.0 = Release|Any CPU
		{2C144F61-19DF-404F-9A38-3C944AD332C5}.Debug|Any CPU.ActiveCfg = Debug|Any CPU
		{2C144F61-19DF-404F-9A38-3C944AD332C5}.Debug|Any CPU.Build.0 = Debug|Any CPU
		{2C144F61-19DF-404F-9A38-3C944AD332C5}.Release|Any CPU.ActiveCfg = Release|Any CPU
		{2C144F61-19DF-404F-9A38-3C944AD332C5}.Release|Any CPU.Build.0 = Release|Any CPU
		{685D9423-BDB2-4EA2-AF58-D8DF5738673C}.Debug|Any CPU.ActiveCfg = Debug|Any CPU
		{685D9423-BDB2-4EA2-AF58-D8DF5738673C}.Debug|Any CPU.Build.0 = Debug|Any CPU
		{685D9423-BDB2-4EA2-AF58-D8DF5738673C}.Release|Any CPU.ActiveCfg = Release|Any CPU
		{685D9423-BDB2-4EA2-AF58-D8DF5738673C}.Release|Any CPU.Build.0 = Release|Any CPU
		{7B70C2FE-368E-41E4-A0C7-27E339CE1D21}.Debug|Any CPU.ActiveCfg = Debug|Any CPU
		{7B70C2FE-368E-41E4-A0C7-27E339CE1D21}.Debug|Any CPU.Build.0 = Debug|Any CPU
		{7B70C2FE-368E-41E4-A0C7-27E339CE1D21}.Release|Any CPU.ActiveCfg = Release|Any CPU
		{7B70C2FE-368E-41E4-A0C7-27E339CE1D21}.Release|Any CPU.Build.0 = Release|Any CPU
		{30F25DBE-89D5-48BA-950C-920A69FBAF74}.Debug|Any CPU.ActiveCfg = Debug|Any CPU
		{30F25DBE-89D5-48BA-950C-920A69FBAF74}.Debug|Any CPU.Build.0 = Debug|Any CPU
		{30F25DBE-89D5-48BA-950C-920A69FBAF74}.Release|Any CPU.ActiveCfg = Release|Any CPU
		{30F25DBE-89D5-48BA-950C-920A69FBAF74}.Release|Any CPU.Build.0 = Release|Any CPU
		{1F9387AD-B62B-48A9-B9D1-C28980994D3A}.Debug|Any CPU.ActiveCfg = Debug|Any CPU
		{1F9387AD-B62B-48A9-B9D1-C28980994D3A}.Debug|Any CPU.Build.0 = Debug|Any CPU
		{1F9387AD-B62B-48A9-B9D1-C28980994D3A}.Release|Any CPU.ActiveCfg = Release|Any CPU
		{1F9387AD-B62B-48A9-B9D1-C28980994D3A}.Release|Any CPU.Build.0 = Release|Any CPU
	EndGlobalSection
	GlobalSection(SolutionProperties) = preSolution
		HideSolutionNode = FALSE
	EndGlobalSection
	GlobalSection(ExtensibilityGlobals) = postSolution
		SolutionGuid = {9762EA06-E4A3-44E1-A147-F6DE2426F50D}
	EndGlobalSection
EndGlobal
